
Microsoft Visual Studio Solution File, Format Version 12.00
# Visual Studio Version 17
VisualStudioVersion = 17.5.002.0
MinimumVisualStudioVersion = 10.0.40219.1
Project("{9A19103F-16F7-4668-BE54-9A1E7A4F7556}") = "my program", "my program.csproj", "{7219DE23-6780-42E7-91C5-30372D747A1A}"
EndProject
Global
	GlobalSection(SolutionConfigurationPlatforms) = preSolution
		Debug|Any CPU = Debug|Any CPU
		Release|Any CPU = Release|Any CPU
	EndGlobalSection
	GlobalSection(ProjectConfigurationPlatforms) = postSolution
		{7219DE23-6780-42E7-91C5-30372D747A1A}.Debug|Any CPU.ActiveCfg = Debug|Any CPU
		{7219DE23-6780-42E7-91C5-30372D747A1A}.Debug|Any CPU.Build.0 = Debug|Any CPU
		{7219DE23-6780-42E7-91C5-30372D747A1A}.Release|Any CPU.ActiveCfg = Release|Any CPU
		{7219DE23-6780-42E7-91C5-30372D747A1A}.Release|Any CPU.Build.0 = Release|Any CPU
	EndGlobalSection
	GlobalSection(SolutionProperties) = preSolution
		HideSolutionNode = FALSE
	EndGlobalSection
	GlobalSection(ExtensibilityGlobals) = postSolution
		SolutionGuid = {A1F433DC-66F6-4380-9C7B-D3990B85CD20}
	EndGlobalSection
EndGlobal
